{
  "name": "sarok1-viewer",
  "lockfileVersion": 3,
  "requires": true,
  "packages": {
    "": {
      "name": "sarok1-viewer",
      "dependencies": {
        "dxf-viewer": "^1.0.47",
        "roboto-fontface": "^0.10.0"
      },
      "devDependencies": {
        "esbuild": "^0.25.0"
      }
    },
    "node_modules/@esbuild/linux-x64": {
      "version": "0.25.12",
      "resolved": "https://registry.npmjs.org/@esbuild/linux-x64/-/linux-x64-0.25.12.tgz",
      "integrity": "sha512-uqZMTLr/zR/ed4jIGnwSLkaHmPjOjJvnm6TVVitAa08SLS9Z0VM8wIRx7gWbJB5/J54YuIMInDquWyYvQLZkgw==",
      "cpu": [
        "x64"
      ],
      "dev": true,
      "optional": true,
      "os": [
        "linux"
      ],
      "engines": {
        "node": ">=18"
      }
    },
    "node_modules/dxf-viewer": {
      "version": "1.0.47",
      "resolved": "file:dxf-viewer",
      "license": "MPL-2.0",
      "dependencies": {
        "earcut": "^3.0.0",
        "loglevel": "^1.9.1",
        "opentype.js": "^1.3.4",
        "three": "^0.161.0"
      }
    },
    "node_modules/earcut": {
      "version": "3.0.2",
      "resolved": "https://registry.npmjs.org/earcut/-/earcut-3.0.2.tgz",
      "integrity": "sha512-X7hshQbLyMJ/3RPhyObLARM2sNxxmRALLKx1+NVFFnQ9gKzmCrxm9+uLIAdBcvc8FNLpctqlQ2V6AE92Ol9UDQ=="
    },
    "node_modules/esbuild": {
      "version": "0.25.12",
      "resolved": "https://registry.npmjs.org/esbuild/-/esbuild-0.25.12.tgz",
      "integrity": "sha512-bbPBYYrtZbkt6Os6FiTLCTFxvq4tt3JKall1vRwshA3fdVztsLAatFaZobhkBC8/BrPetoa0oksYoKXoG4ryJg==",
      "dev": true,
      "hasInstallScript": true,
      "bin": {
        "esbuild": "bin/esbuild"
      },
      "engines": {
        "node": ">=18"
      },
      "optionalDependencies": {
        "@esbuild/aix-ppc64": "0.25.12",
        "@esbuild/android-arm": "0.25.12",
        "@esbuild/android-arm64": "0.25.12",
        "@esbuild/android-x64": "0.25.12",
        "@esbuild/darwin-arm64": "0.25.12",
        "@esbuild/darwin-x64": "0.25.12",
        "@esbuild/freebsd-arm64": "0.25.12",
        "@esbuild/freebsd-x64": "0.25.12",
        "@esbuild/linux-arm": "0.25.12",
        "@esbuild/linux-arm64": "0.25.12",
        "@esbuild/linux-ia32": "0.25.12",
        "@esbuild/linux-loong64": "0.25.12",
        "@esbuild/linux-mips64el": "0.25.12",
        "@esbuild/linux-ppc64": "0.25.12",
        "@esbuild/linux-riscv64": "0.25.12",
        "@esbuild/linux-s390x": "0.25.12",
        "@esbuild/linux-x64": "0.25.12",
        "@esbuild/netbsd-arm64": "0.25.12",
        "@esbuild/netbsd-x64": "0.25.12",
        "@esbuild/openbsd-arm64": "0.25.12",
        "@esbuild/openbsd-x64": "0.25.12",
        "@esbuild/openharmony-arm64": "0.25.12",
        "@esbuild/sunos-x64": "0.25.12",
        "@esbuild/win32-arm64": "0.25.12",
        "@esbuild/win32-ia32": "0.25.12",
        "@esbuild/win32-x64": "0.25.12"
      }
    },
    "node_modules/loglevel": {
      "version": "1.9.2",
      "resolved": "https://registry.npmjs.org/loglevel/-/loglevel-1.9.2.tgz",
      "integrity": "sha512-HgMmCqIJSAKqo68l0rS2AanEWfkxaZ5wNiEFb5ggm08lDs9Xl2KxBlX3PTcaD2chBM1gXAYf491/M2Rv8Jwayg==",
      "engines": {
        "node": ">= 0.6.0"
      },
      "funding": {
        "type": "tidelift",
        "url": "https://tidelift.com/funding/github/npm/loglevel"
      }
    },
    "node_modules/opentype.js": {
      "version": "1.3.4",
      "resolved": "https://registry.npmjs.org/opentype.js/-/opentype.js-1.3.4.tgz",
      "integrity": "sha512-d2JE9RP/6uagpQAVtJoF0pJJA/fgai89Cc50Yp0EJHk+eLp6QQ7gBoblsnubRULNY132I0J1QKMJ+JTbMqz4sw==",
      "dependencies": {
        "string.prototype.codepointat": "^0.2.1",
        "tiny-inflate": "^1.0.3"
      },
      "bin": {
        "ot": "bin/ot"
      },
      "engines": {
        "node": ">= 8.0.0"
      }
    },
    "node_modules/roboto-fontface": {
      "version": "0.10.0",
      "resolved": "https://registry.npmjs.org/roboto-fontface/-/roboto-fontface-0.10.0.tgz",
      "integrity": "sha512-OlwfYEgA2RdboZohpldlvJ1xngOins5d7ejqnIBWr9KaMxsnBqotpptRXTyfNRLnFpqzX6sTDt+X+a+6udnU8g=="
    },
    "node_modules/string.prototype.codepointat": {
      "version": "0.2.1",
      "resolved": "https://registry.npmjs.org/string.prototype.codepointat/-/string.prototype.codepointat-0.2.1.tgz",
      "integrity": "sha512-2cBVCj6I4IOvEnjgO/hWqXjqBGsY+zwPmHl12Srk9IXSZ56Jwwmy+66XO5Iut/oQVR7t5ihYdLB0GMa4alEUcg=="
    },
    "node_modules/three": {
      "version": "0.161.0",
      "resolved": "https://registry.npmjs.org/three/-/three-0.161.0.tgz",
      "integrity": "sha512-LC28VFtjbOyEu5b93K0bNRLw1rQlMJ85lilKsYj6dgTu+7i17W+JCCEbvrpmNHF1F3NAUqDSWq50UD7w9H2xQw=="
    },
    "node_modules/tiny-inflate": {
      "version": "1.0.3",
      "resolved": "https://registry.npmjs.org/tiny-inflate/-/tiny-inflate-1.0.3.tgz",
      "integrity": "sha512-pkY1fj1cKHb2seWDy0B16HeWyczlJA9/WW3u3c4z/NiWDsO3DOU5D7nhTLE9CF0yXv/QZFY7sEJmj24dK+Rrqw=="
    }
  }
}
